// !$*UTF8*$!
{
	archiveVersion = 1;
	classes = {
	};
	objectVersion = 77;
	objects = {

/* Begin PBXGroup section */
		B9DBAD672F0BD29C00FA0360 = {
			isa = PBXGroup;
			children = (
			);
			sourceTree = "<group>";
		};
/* End PBXGroup section */

/* Begin PBXProject section */
		B9DBAD682F0BD29C00FA0360 /* Project object */ = {
			isa = PBXProject;
			attributes = {
				BuildIndependentTargetsInParallel = 1;
				LastUpgradeCheck = 2620;
			};
			buildConfigurationList = B9DBAD6B2F0BD29C00FA0360 /* Build configuration list for PBXProject "Terminator" */;
			developmentRegion = en;
			hasScannedForEncodings = 0;
			knownRegions = (
				en,
				Base,
			);
			mainGroup = B9DBAD672F0BD29C00FA0360;
			minimizedProjectReferenceProxies = 1;
			preferredProjectObjectVersion = 77;
			projectDirPath = "";
			projectRoot = "";
			targets = (
			);
		};
/* End PBXProject section */

/* Begin XCBuildConfiguration section */
		B9DBAD6C2F0BD29C00FA0360 /* Debug */ = {
			isa = XCBuildConfiguration;
			buildSettings = {
			};
			name = Debug;
		};
		B9DBAD6D2F0BD29C00FA0360 /* Release */ = {
			isa = XCBuildConfiguration;
			buildSettings = {
			};
			name = Release;
		};
/* End XCBuildConfiguration section */

/* Begin XCConfigurationList section */
		B9DBAD6B2F0BD29C00FA0360 /* Build configuration list for PBXProject "Terminator" */ = {
			isa = XCConfigurationList;
			buildConfigurations = (
				B9DBAD6C2F0BD29C00FA0360 /* Debug */,
				B9DBAD6D2F0BD29C00FA0360 /* Release */,
			);
			defaultConfigurationIsVisible = 0;
			defaultConfigurationName = Release;
		};
/* End XCConfigurationList section */
	};
	rootObject = B9DBAD682F0BD29C00FA0360 /* Project object */;
}
